
Microsoft Visual Studio Solution File, Format Version 12.00
# Visual Studio Version 17
VisualStudioVersion = 17.4.33103.184
MinimumVisualStudioVersion = 10.0.40219.1
Project("{9A19103F-16F7-4668-BE54-9A1E7A4F7556}") = "BladeMill.ConsoleApp", "BladeMill.ConsoleApp\BladeMill.ConsoleApp.csproj", "{C820DF19-FFF0-437E-815A-96CC9C9ED846}"
EndProject
Project("{9A19103F-16F7-4668-BE54-9A1E7A4F7556}") = "BladeMill.BLL", "BladeMill.BLL\BladeMill.BLL.csproj", "{BBF2E875-4AD7-473E-ABA0-BDECA88DC475}"
EndProject
Project("{9A19103F-16F7-4668-BE54-9A1E7A4F7556}") = "BladeMill.Web", "BladeMill.Web\BladeMill.Web.csproj", "{14DD2494-C807-4BCE-9FDA-B529D132A57E}"
EndProject
Project("{9A19103F-16F7-4668-BE54-9A1E7A4F7556}") = "UnitTests", "UnitTests\UnitTests.csproj", "{2A54BF91-231A-439F-BE92-F6923E69DA81}"
EndProject
Project("{FAE04EC0-301F-11D3-BF4B-00C04F79EFBC}") = "BladeMillWithExcel.Logic", "BladeMillWithExcel.Logic\BladeMillWithExcel.Logic.csproj", "{31082927-1CB1-47BC-9241-0CD70DB7B818}"
EndProject
Global
	GlobalSection(SolutionConfigurationPlatforms) = preSolution
		Debug|Any CPU = Debug|Any CPU
		Release|Any CPU = Release|Any CPU
	EndGlobalSection
	GlobalSection(ProjectConfigurationPlatforms) = postSolution
		{C820DF19-FFF0-437E-815A-96CC9C9ED846}.Debug|Any CPU.ActiveCfg = Debug|Any CPU
		{C820DF19-FFF0-437E-815A-96CC9C9ED846}.Debug|Any CPU.Build.0 = Debug|Any CPU
		{C820DF19-FFF0-437E-815A-96CC9C9ED846}.Release|Any CPU.ActiveCfg = Release|Any CPU
		{C820DF19-FFF0-437E-815A-96CC9C9ED846}.Release|Any CPU.Build.0 = Release|Any CPU
		{BBF2E875-4AD7-473E-ABA0-BDECA88DC475}.Debug|Any CPU.ActiveCfg = Debug|Any CPU
		{BBF2E875-4AD7-473E-ABA0-BDECA88DC475}.Debug|Any CPU.Build.0 = Debug|Any CPU
		{BBF2E875-4AD7-473E-ABA0-BDECA88DC475}.Release|Any CPU.ActiveCfg = Release|Any CPU
		{BBF2E875-4AD7-473E-ABA0-BDECA88DC475}.Release|Any CPU.Build.0 = Release|Any CPU
		{14DD2494-C807-4BCE-9FDA-B529D132A57E}.Debug|Any CPU.ActiveCfg = Debug|Any CPU
		{14DD2494-C807-4BCE-9FDA-B529D132A57E}.Debug|Any CPU.Build.0 = Debug|Any CPU
		{14DD2494-C807-4BCE-9FDA-B529D132A57E}.Release|Any CPU.ActiveCfg = Release|Any CPU
		{14DD2494-C807-4BCE-9FDA-B529D132A57E}.Release|Any CPU.Build.0 = Release|Any CPU
		{2A54BF91-231A-439F-BE92-F6923E69DA81}.Debug|Any CPU.ActiveCfg = Debug|Any CPU
		{2A54BF91-231A-439F-BE92-F6923E69DA81}.Debug|Any CPU.Build.0 = Debug|Any CPU
		{2A54BF91-231A-439F-BE92-F6923E69DA81}.Release|Any CPU.ActiveCfg = Release|Any CPU
		{2A54BF91-231A-439F-BE92-F6923E69DA81}.Release|Any CPU.Build.0 = Release|Any CPU
		{31082927-1CB1-47BC-9241-0CD70DB7B818}.Debug|Any CPU.ActiveCfg = Debug|Any CPU
		{31082927-1CB1-47BC-9241-0CD70DB7B818}.Debug|Any CPU.Build.0 = Debug|Any CPU
		{31082927-1CB1-47BC-9241-0CD70DB7B818}.Release|Any CPU.ActiveCfg = Release|Any CPU
		{31082927-1CB1-47BC-9241-0CD70DB7B818}.Release|Any CPU.Build.0 = Release|Any CPU
	EndGlobalSection
	GlobalSection(SolutionProperties) = preSolution
		HideSolutionNode = FALSE
	EndGlobalSection
	GlobalSection(ExtensibilityGlobals) = postSolution
		SolutionGuid = {4F8A5883-5099-4FA9-9F1A-744951A0890A}
	EndGlobalSection
EndGlobal
